// !$*UTF8*$!
{
	archiveVersion = "1";
	classes = {
	};
	objectVersion = "56";
	objects = {
		97474D082A35FD009DD0CEAD = {
			isa = "PBXFileReference";
			lastKnownFileType = "sourcecode.swift";
			path = "App/ConnectionOrbitView.swift";
			sourceTree = "SOURCE_ROOT";
		};
		5664AC34D2758F32DC706FC7 = {
			isa = "PBXFileReference";
			lastKnownFileType = "sourcecode.swift";
			path = "App/ConnectionQualityView.swift";
			sourceTree = "SOURCE_ROOT";
		};
		CA7C55708D5974AE116887EC = {
			isa = "PBXFileReference";
			lastKnownFileType = "sourcecode.swift";
			path = "App/ContentView.swift";
			sourceTree = "SOURCE_ROOT";
		};
		4B7450F59D07BE1B7DBE100D = {
			isa = "PBXFileReference";
			lastKnownFileType = "sourcecode.swift";
			path = "App/VPNModel.swift";
			sourceTree = "SOURCE_ROOT";
		};
		A72132F2CECF24D1B552990B = {
			isa = "PBXFileReference";
			lastKnownFileType = "sourcecode.swift";
			path = "App/XDVPNApp.swift";
			sourceTree = "SOURCE_ROOT";
		};
		D4165969C7CB996952328DA5 = {
			isa = "PBXFileReference";
			lastKnownFileType = "sourcecode.swift";
			path = "Common/ConnectionQuality.swift";
			sourceTree = "SOURCE_ROOT";
		};
		CDF81A8BA9DC133F149AA4F1 = {
			isa = "PBXFileReference";
			lastKnownFileType = "sourcecode.swift";
			path = "Common/KeychainStore.swift";
			sourceTree = "SOURCE_ROOT";
		};
		E3507EBEB6D0131C3E65B6F7 = {
			isa = "PBXFileReference";
			lastKnownFileType = "sourcecode.swift";
			path = "Common/NetworkPlan.swift";
			sourceTree = "SOURCE_ROOT";
		};
		4D1A25DDCB59B4F4E782F30D = {
			isa = "PBXFileReference";
			lastKnownFileType = "sourcecode.swift";
			path = "Common/PacketCodec.swift";
			sourceTree = "SOURCE_ROOT";
		};
		1D640E9C98EE5D993FA826D6 = {
			isa = "PBXFileReference";
			lastKnownFileType = "sourcecode.swift";
			path = "Common/RecoveryPolicy.swift";
			sourceTree = "SOURCE_ROOT";
		};
		0D35E6BAAE079B2D0E9A1A71 = {
			isa = "PBXFileReference";
			lastKnownFileType = "sourcecode.swift";
			path = "Common/SharedStore.swift";
			sourceTree = "SOURCE_ROOT";
		};
		792006A12350DFCBD33DA4E8 = {
			isa = "PBXFileReference";
			lastKnownFileType = "sourcecode.swift";
			path = "Common/VPNProfile+AutoConnect.swift";
			sourceTree = "SOURCE_ROOT";
		};
		9FABC39C5E60F06BC82027CD = {
			isa = "PBXFileReference";
			lastKnownFileType = "sourcecode.swift";
			path = "Common/VPNProfile.swift";
			sourceTree = "SOURCE_ROOT";
		};
		F14AEB61211D174DA8E49868 = {
			isa = "PBXFileReference";
			lastKnownFileType = "sourcecode.swift";
			path = "PacketTunnel/PacketPump.swift";
			sourceTree = "SOURCE_ROOT";
		};
		44F970A2E60620C3C3ACB408 = {
			isa = "PBXFileReference";
			lastKnownFileType = "sourcecode.swift";
			path = "PacketTunnel/PacketTunnelProvider.swift";
			sourceTree = "SOURCE_ROOT";
		};
		9B6D59A07C4A44C39ABE744B = {
			isa = "PBXFileReference";
			lastKnownFileType = "sourcecode.c.h";
			path = "OpenConnectAdapter/Bridge.h";
			sourceTree = "SOURCE_ROOT";
		};
		2980BB2A201275AD5D105E5B = {
			isa = "PBXFileReference";
			lastKnownFileType = "sourcecode.c.h";
			path = "OpenConnectAdapter/OCEngine.h";
			sourceTree = "SOURCE_ROOT";
		};
		7544A7E1FFDD087410E50C1A = {
			isa = "PBXFileReference";
			lastKnownFileType = "sourcecode.c.objc";
			path = "OpenConnectAdapter/OCEngine.m";
			sourceTree = "SOURCE_ROOT";
		};
		14A498FEEF74EEE556D3031B = {
			isa = "PBXFileReference";
			lastKnownFileType = "text.plist.xml";
			path = "Configuration/App-Info.plist";
			sourceTree = "SOURCE_ROOT";
		};
		EDA2FCE9C65883A2518904E0 = {
			isa = "PBXFileReference";
			lastKnownFileType = "text.plist.entitlements";
			path = "Configuration/App.entitlements";
			sourceTree = "SOURCE_ROOT";
		};
		5CE80E5C0EEC46D453778C6F = {
			isa = "PBXFileReference";
			lastKnownFileType = "text.xcconfig";
			path = "Configuration/Base.xcconfig";
			sourceTree = "SOURCE_ROOT";
		};
		92A068B5CDD81C833665C196 = {
			isa = "PBXFileReference";
			lastKnownFileType = "text.xml";
			path = "Configuration/PrivacyInfo.xcprivacy";
			sourceTree = "SOURCE_ROOT";
		};
		8DD0E91534D9745158476C3F = {
			isa = "PBXFileReference";
			lastKnownFileType = "text.xcconfig";
			path = "Configuration/Signing.example.xcconfig";
			sourceTree = "SOURCE_ROOT";
		};
		BCE2059FD17415FF9FD7A61F = {
			isa = "PBXFileReference";
			lastKnownFileType = "text";
			path = "Configuration/TestFlight.json";
			sourceTree = "SOURCE_ROOT";
		};
		9F2E984A1ACB26099A83268A = {
			isa = "PBXFileReference";
			lastKnownFileType = "text.plist.xml";
			path = "Configuration/Tunnel-Info.plist";
			sourceTree = "SOURCE_ROOT";
		};
		4ED65F7B91B41C958EE734AB = {
			isa = "PBXFileReference";
			lastKnownFileType = "text.plist.entitlements";
			path = "Configuration/Tunnel.entitlements";
			sourceTree = "SOURCE_ROOT";
		};
		8BF729FFE074CAEE622C0292 = {
			isa = "PBXFileReference";
			lastKnownFileType = "folder.assetcatalog";
			path = "Assets.xcassets";
			sourceTree = "SOURCE_ROOT";
		};
		C64ABEFD0E7C8B84C99AAF75 = {
			isa = "PBXFileReference";
			explicitFileType = "wrapper.application";
			path = "XDVPN.app";
			sourceTree = "BUILT_PRODUCTS_DIR";
		};
		C7789DFDFA42540BA30BEC20 = {
			isa = "PBXFileReference";
			explicitFileType = "wrapper.app-extension";
			path = "PacketTunnel.appex";
			sourceTree = "BUILT_PRODUCTS_DIR";
		};
		0A3E27B8CA818264D75C8D81 = {
			isa = "PBXGroup";
			children = ("C64ABEFD0E7C8B84C99AAF75", "C7789DFDFA42540BA30BEC20");
			name = "Products";
			sourceTree = "<group>";
		};
		13C4608B5138EBE9B3A45A55 = {
			isa = "PBXGroup";
			children = ("97474D082A35FD009DD0CEAD", "5664AC34D2758F32DC706FC7", "CA7C55708D5974AE116887EC", "4B7450F59D07BE1B7DBE100D", "A72132F2CECF24D1B552990B");
			name = "App";
			sourceTree = "<group>";
		};
		96C8C84737770C8A7D67EC78 = {
			isa = "PBXGroup";
			children = ("D4165969C7CB996952328DA5", "CDF81A8BA9DC133F149AA4F1", "E3507EBEB6D0131C3E65B6F7", "4D1A25DDCB59B4F4E782F30D", "1D640E9C98EE5D993FA826D6", "0D35E6BAAE079B2D0E9A1A71", "792006A12350DFCBD33DA4E8", "9FABC39C5E60F06BC82027CD");
			name = "Common";
			sourceTree = "<group>";
		};
		381953C68BB30F0C98CA00FC = {
			isa = "PBXGroup";
			children = ("F14AEB61211D174DA8E49868", "44F970A2E60620C3C3ACB408");
			name = "PacketTunnel";
			sourceTree = "<group>";
		};
		ADF55A7980B6908C6BE3C007 = {
			isa = "PBXGroup";
			children = ("9B6D59A07C4A44C39ABE744B", "2980BB2A201275AD5D105E5B", "7544A7E1FFDD087410E50C1A");
			name = "OpenConnectAdapter";
			sourceTree = "<group>";
		};
		341E6928838892729241ECD7 = {
			isa = "PBXGroup";
			children = ("14A498FEEF74EEE556D3031B", "EDA2FCE9C65883A2518904E0", "5CE80E5C0EEC46D453778C6F", "92A068B5CDD81C833665C196", "8DD0E91534D9745158476C3F", "BCE2059FD17415FF9FD7A61F", "9F2E984A1ACB26099A83268A", "4ED65F7B91B41C958EE734AB");
			name = "Configuration";
			sourceTree = "<group>";
		};
		0D6E4079E36703EBD37C0072 = {
			isa = "PBXGroup";
			children = ("13C4608B5138EBE9B3A45A55", "96C8C84737770C8A7D67EC78", "381953C68BB30F0C98CA00FC", "ADF55A7980B6908C6BE3C007", "341E6928838892729241ECD7", "8BF729FFE074CAEE622C0292", "0A3E27B8CA818264D75C8D81");
			sourceTree = "<group>";
		};
		73EBF6644258C120893E685D = {
			isa = "XCBuildConfiguration";
			buildSettings = {
				SWIFT_OPTIMIZATION_LEVEL = "-Onone";
				GCC_OPTIMIZATION_LEVEL = "0";
				DEBUG_INFORMATION_FORMAT = "dwarf";
				SWIFT_ACTIVE_COMPILATION_CONDITIONS = "DEBUG";
			};
			name = "Debug";
			baseConfigurationReference = "5CE80E5C0EEC46D453778C6F";
		};
		0B0C687DF8B6B8DC790B519C = {
			isa = "XCBuildConfiguration";
			buildSettings = {
				SWIFT_OPTIMIZATION_LEVEL = "-O";
				DEBUG_INFORMATION_FORMAT = "dwarf-with-dsym";
			};
			name = "Release";
			baseConfigurationReference = "5CE80E5C0EEC46D453778C6F";
		};
		F0D0CC3CD0AE36F97BD8FD2B = {
			isa = "XCConfigurationList";
			buildConfigurations = ("73EBF6644258C120893E685D", "0B0C687DF8B6B8DC790B519C");
			defaultConfigurationIsVisible = "0";
			defaultConfigurationName = "Debug";
		};
		AAFAD91FA3DAD868EE86E356 = {
			isa = "PBXShellScriptBuildPhase";
			buildActionMask = "2147483647";
			files = ();
			inputPaths = ();
			outputPaths = ();
			alwaysOutOfDate = "1";
			name = "Build pinned iOS engine";
			runOnlyForDeploymentPostprocessing = "0";
			shellPath = "/bin/bash";
			shellScript = "\"${SRCROOT}/scripts/build-engine.sh\" \"${PLATFORM_NAME}\"\n";
		};
		8D349FC23EDE9D1525462402 = {
			isa = "XCBuildConfiguration";
			buildSettings = {
				PRODUCT_BUNDLE_IDENTIFIER = "$(XDVPN_BUNDLE_ID).PacketTunnel";
				PRODUCT_NAME = "$(TARGET_NAME)";
				INFOPLIST_FILE = "Configuration/Tunnel-Info.plist";
				CODE_SIGN_ENTITLEMENTS = "Configuration/Tunnel.entitlements";
				APPLICATION_EXTENSION_API_ONLY = "YES";
				SWIFT_OBJC_BRIDGING_HEADER = "OpenConnectAdapter/Bridge.h";
				HEADER_SEARCH_PATHS = ("$(inherited)", "$(SRCROOT)/.build/engine/$(PLATFORM_NAME)/include");
				LIBRARY_SEARCH_PATHS = ("$(inherited)", "$(SRCROOT)/.build/engine/$(PLATFORM_NAME)/lib");
				OTHER_LDFLAGS = ("$(inherited)", "-lopenconnect", "-lssl", "-lcrypto", "-lxml2", "-lz", "-liconv", "-framework", "NetworkExtension", "-framework", "Security");
				LD_RUNPATH_SEARCH_PATHS = ("$(inherited)", "@executable_path/Frameworks", "@executable_path/../../Frameworks");
				SKIP_INSTALL = "YES";
				SWIFT_OPTIMIZATION_LEVEL = "-Onone";
				GCC_OPTIMIZATION_LEVEL = "0";
				DEBUG_INFORMATION_FORMAT = "dwarf";
				SWIFT_ACTIVE_COMPILATION_CONDITIONS = "DEBUG";
			};
			name = "Debug";
		};
		46E0AF542CFA525ADBB27CAC = {
			isa = "XCBuildConfiguration";
			buildSettings = {
				PRODUCT_BUNDLE_IDENTIFIER = "$(XDVPN_BUNDLE_ID).PacketTunnel";
				PRODUCT_NAME = "$(TARGET_NAME)";
				INFOPLIST_FILE = "Configuration/Tunnel-Info.plist";
				CODE_SIGN_ENTITLEMENTS = "Configuration/Tunnel.entitlements";
				APPLICATION_EXTENSION_API_ONLY = "YES";
				SWIFT_OBJC_BRIDGING_HEADER = "OpenConnectAdapter/Bridge.h";
				HEADER_SEARCH_PATHS = ("$(inherited)", "$(SRCROOT)/.build/engine/$(PLATFORM_NAME)/include");
				LIBRARY_SEARCH_PATHS = ("$(inherited)", "$(SRCROOT)/.build/engine/$(PLATFORM_NAME)/lib");
				OTHER_LDFLAGS = ("$(inherited)", "-lopenconnect", "-lssl", "-lcrypto", "-lxml2", "-lz", "-liconv", "-framework", "NetworkExtension", "-framework", "Security");
				LD_RUNPATH_SEARCH_PATHS = ("$(inherited)", "@executable_path/Frameworks", "@executable_path/../../Frameworks");
				SKIP_INSTALL = "YES";
				SWIFT_OPTIMIZATION_LEVEL = "-O";
				DEBUG_INFORMATION_FORMAT = "dwarf-with-dsym";
			};
			name = "Release";
		};
		B726505C67A738372CB0D8F4 = {
			isa = "XCConfigurationList";
			buildConfigurations = ("8D349FC23EDE9D1525462402", "46E0AF542CFA525ADBB27CAC");
			defaultConfigurationIsVisible = "0";
			defaultConfigurationName = "Debug";
		};
		D3E431BF0AB404567122E79E = {
			isa = "PBXBuildFile";
			fileRef = "D4165969C7CB996952328DA5";
		};
		B05F91A53A338AEA240ED0A7 = {
			isa = "PBXBuildFile";
			fileRef = "CDF81A8BA9DC133F149AA4F1";
		};
		31BE32E8FC09C5AF2391AF55 = {
			isa = "PBXBuildFile";
			fileRef = "E3507EBEB6D0131C3E65B6F7";
		};
		6478E79B3C3DD2C225A5F842 = {
			isa = "PBXBuildFile";
			fileRef = "4D1A25DDCB59B4F4E782F30D";
		};
		1B2D0DC211C97985E0D27F4A = {
			isa = "PBXBuildFile";
			fileRef = "1D640E9C98EE5D993FA826D6";
		};
		A37C796D765B9CA49A197426 = {
			isa = "PBXBuildFile";
			fileRef = "0D35E6BAAE079B2D0E9A1A71";
		};
		C2FDEF83E5305D80A5166A3F = {
			isa = "PBXBuildFile";
			fileRef = "792006A12350DFCBD33DA4E8";
		};
		366B1D8CC4489DB2499ECA96 = {
			isa = "PBXBuildFile";
			fileRef = "9FABC39C5E60F06BC82027CD";
		};
		D721C36A9D1C9BBB7148A33B = {
			isa = "PBXBuildFile";
			fileRef = "F14AEB61211D174DA8E49868";
		};
		E003574D428223EDBB08EAF2 = {
			isa = "PBXBuildFile";
			fileRef = "44F970A2E60620C3C3ACB408";
		};
		E3D04C3C9FEC50033D425238 = {
			isa = "PBXBuildFile";
			fileRef = "7544A7E1FFDD087410E50C1A";
		};
		11B19F97417707025E83A693 = {
			isa = "PBXSourcesBuildPhase";
			buildActionMask = "2147483647";
			files = ("D3E431BF0AB404567122E79E", "B05F91A53A338AEA240ED0A7", "31BE32E8FC09C5AF2391AF55", "6478E79B3C3DD2C225A5F842", "1B2D0DC211C97985E0D27F4A", "A37C796D765B9CA49A197426", "C2FDEF83E5305D80A5166A3F", "366B1D8CC4489DB2499ECA96", "D721C36A9D1C9BBB7148A33B", "E003574D428223EDBB08EAF2", "E3D04C3C9FEC50033D425238");
			runOnlyForDeploymentPostprocessing = "0";
		};
		615E8CBB106FD48AC3293746 = {
			isa = "PBXBuildFile";
			fileRef = "92A068B5CDD81C833665C196";
		};
		E5DA9DF48EB2DCAA079D6ED4 = {
			isa = "PBXResourcesBuildPhase";
			buildActionMask = "2147483647";
			files = ("615E8CBB106FD48AC3293746");
			runOnlyForDeploymentPostprocessing = "0";
		};
		8C7F3859D0A2D53BF12CC924 = {
			isa = "PBXNativeTarget";
			buildConfigurationList = "B726505C67A738372CB0D8F4";
			buildPhases = ("AAFAD91FA3DAD868EE86E356", "11B19F97417707025E83A693", "E5DA9DF48EB2DCAA079D6ED4");
			buildRules = ();
			dependencies = ();
			name = "PacketTunnel";
			productName = "PacketTunnel";
			productReference = "C7789DFDFA42540BA30BEC20";
			productType = "com.apple.product-type.app-extension";
		};
		1241936D4DD3AAD68FE7BFBD = {
			isa = "PBXContainerItemProxy";
			containerPortal = "244210E48437B6556980A702";
			proxyType = "1";
			remoteGlobalIDString = "8C7F3859D0A2D53BF12CC924";
			remoteInfo = "PacketTunnel";
		};
		F26350DAFE3F19AABFD69AC4 = {
			isa = "PBXTargetDependency";
			target = "8C7F3859D0A2D53BF12CC924";
			targetProxy = "1241936D4DD3AAD68FE7BFBD";
		};
		5CB2B5E92F92DEF2B6613E9C = {
			isa = "PBXBuildFile";
			fileRef = "C7789DFDFA42540BA30BEC20";
			settings = {
				ATTRIBUTES = ("RemoveHeadersOnCopy");
			};
		};
		8A1EED22144C3F04485A69EE = {
			isa = "PBXCopyFilesBuildPhase";
			buildActionMask = "2147483647";
			dstPath = "";
			dstSubfolderSpec = "13";
			files = ("5CB2B5E92F92DEF2B6613E9C");
			name = "Embed App Extensions";
			runOnlyForDeploymentPostprocessing = "0";
		};
		53D1B124C3CFA512382233B6 = {
			isa = "PBXBuildFile";
			fileRef = "8BF729FFE074CAEE622C0292";
		};
		7D99DABCD71BDA315AE6DC5C = {
			isa = "PBXBuildFile";
			fileRef = "92A068B5CDD81C833665C196";
		};
		1DFD5F368D483BDC3458D4EB = {
			isa = "PBXResourcesBuildPhase";
			buildActionMask = "2147483647";
			files = ("53D1B124C3CFA512382233B6", "7D99DABCD71BDA315AE6DC5C");
			runOnlyForDeploymentPostprocessing = "0";
		};
		B00CCDD09424E369308D67FA = {
			isa = "XCBuildConfiguration";
			buildSettings = {
				ASSETCATALOG_COMPILER_APPICON_NAME = "AppIcon";
				PRODUCT_BUNDLE_IDENTIFIER = "$(XDVPN_BUNDLE_ID)";
				PRODUCT_NAME = "$(TARGET_NAME)";
				INFOPLIST_FILE = "Configuration/App-Info.plist";
				CODE_SIGN_ENTITLEMENTS = "Configuration/App.entitlements";
				LD_RUNPATH_SEARCH_PATHS = ("$(inherited)", "@executable_path/Frameworks");
				SWIFT_OPTIMIZATION_LEVEL = "-Onone";
				GCC_OPTIMIZATION_LEVEL = "0";
				DEBUG_INFORMATION_FORMAT = "dwarf";
				SWIFT_ACTIVE_COMPILATION_CONDITIONS = "DEBUG";
			};
			name = "Debug";
		};
		1B104479E55E37CF8A63CBDF = {
			isa = "XCBuildConfiguration";
			buildSettings = {
				ASSETCATALOG_COMPILER_APPICON_NAME = "AppIcon";
				PRODUCT_BUNDLE_IDENTIFIER = "$(XDVPN_BUNDLE_ID)";
				PRODUCT_NAME = "$(TARGET_NAME)";
				INFOPLIST_FILE = "Configuration/App-Info.plist";
				CODE_SIGN_ENTITLEMENTS = "Configuration/App.entitlements";
				LD_RUNPATH_SEARCH_PATHS = ("$(inherited)", "@executable_path/Frameworks");
				SWIFT_OPTIMIZATION_LEVEL = "-O";
				DEBUG_INFORMATION_FORMAT = "dwarf-with-dsym";
			};
			name = "Release";
		};
		CCC668A2049C477C7C58956C = {
			isa = "XCConfigurationList";
			buildConfigurations = ("B00CCDD09424E369308D67FA", "1B104479E55E37CF8A63CBDF");
			defaultConfigurationIsVisible = "0";
			defaultConfigurationName = "Debug";
		};
		CA32D7A8D59906F045686ACD = {
			isa = "PBXBuildFile";
			fileRef = "97474D082A35FD009DD0CEAD";
		};
		AE82CBA36A7997509AEEB419 = {
			isa = "PBXBuildFile";
			fileRef = "5664AC34D2758F32DC706FC7";
		};
		E7C29C6A52FCD3DA4E89A4DB = {
			isa = "PBXBuildFile";
			fileRef = "CA7C55708D5974AE116887EC";
		};
		0BF2181088E4D26C19E99582 = {
			isa = "PBXBuildFile";
			fileRef = "4B7450F59D07BE1B7DBE100D";
		};
		FE96DFB62D8FFA214D1C8D01 = {
			isa = "PBXBuildFile";
			fileRef = "A72132F2CECF24D1B552990B";
		};
		5734C3B33377E6FBBCC56238 = {
			isa = "PBXBuildFile";
			fileRef = "D4165969C7CB996952328DA5";
		};
		E2C08755F96C3A856E169665 = {
			isa = "PBXBuildFile";
			fileRef = "CDF81A8BA9DC133F149AA4F1";
		};
		C253C918BF49D435E18F26EC = {
			isa = "PBXBuildFile";
			fileRef = "E3507EBEB6D0131C3E65B6F7";
		};
		7CDB199FC73A663112632ED3 = {
			isa = "PBXBuildFile";
			fileRef = "4D1A25DDCB59B4F4E782F30D";
		};
		62382C18AC32F56185C9B6FF = {
			isa = "PBXBuildFile";
			fileRef = "1D640E9C98EE5D993FA826D6";
		};
		12555E2D6B9CF65CF78C5EB6 = {
			isa = "PBXBuildFile";
			fileRef = "0D35E6BAAE079B2D0E9A1A71";
		};
		4BDAAEA4BAD7536BF5206DCD = {
			isa = "PBXBuildFile";
			fileRef = "792006A12350DFCBD33DA4E8";
		};
		06F9A0D651D7746FB8EF58DC = {
			isa = "PBXBuildFile";
			fileRef = "9FABC39C5E60F06BC82027CD";
		};
		76E512711C5F577B8E6FBFD0 = {
			isa = "PBXSourcesBuildPhase";
			buildActionMask = "2147483647";
			files = ("CA32D7A8D59906F045686ACD", "AE82CBA36A7997509AEEB419", "E7C29C6A52FCD3DA4E89A4DB", "0BF2181088E4D26C19E99582", "FE96DFB62D8FFA214D1C8D01", "5734C3B33377E6FBBCC56238", "E2C08755F96C3A856E169665", "C253C918BF49D435E18F26EC", "7CDB199FC73A663112632ED3", "62382C18AC32F56185C9B6FF", "12555E2D6B9CF65CF78C5EB6", "4BDAAEA4BAD7536BF5206DCD", "06F9A0D651D7746FB8EF58DC");
			runOnlyForDeploymentPostprocessing = "0";
		};
		E1981CC376DE7EBF412EB168 = {
			isa = "PBXNativeTarget";
			buildConfigurationList = "CCC668A2049C477C7C58956C";
			buildPhases = ("76E512711C5F577B8E6FBFD0", "1DFD5F368D483BDC3458D4EB", "8A1EED22144C3F04485A69EE");
			buildRules = ();
			dependencies = ("F26350DAFE3F19AABFD69AC4");
			name = "XDVPN";
			productName = "XDVPN";
			productReference = "C64ABEFD0E7C8B84C99AAF75";
			productType = "com.apple.product-type.application";
		};
		244210E48437B6556980A702 = {
			isa = "PBXProject";
			attributes = {
				LastUpgradeCheck = "2660";
				BuildIndependentTargetsInParallel = "YES";
			};
			buildConfigurationList = "F0D0CC3CD0AE36F97BD8FD2B";
			compatibilityVersion = "Xcode 14.0";
			developmentRegion = "zh_CN";
			hasScannedForEncodings = "0";
			knownRegions = ("zh_CN", "en", "Base");
			mainGroup = "0D6E4079E36703EBD37C0072";
			productRefGroup = "0A3E27B8CA818264D75C8D81";
			projectDirPath = "";
			projectRoot = "";
			targets = ("E1981CC376DE7EBF412EB168", "8C7F3859D0A2D53BF12CC924");
		};
	};
	rootObject = "244210E48437B6556980A702";
}
